
Microsoft Visual Studio Solution File, Format Version 12.00
# Visual Studio Version 17
VisualStudioVersion = 17.0.31903.59
MinimumVisualStudioVersion = 10.0.40219.1
Project("{2150E333-8FDC-42A3-9474-1A3956D46DE8}") = "src", "src", "{EDDACC06-EB6D-4E37-8A62-10FD9CC3567E}"
EndProject
Project("{FAE04EC0-301F-11D3-BF4B-00C04F79EFBC}") = "Api", "src\Api\Api.csproj", "{57CFF1FF-73D8-4EE1-AC10-6010C07CE7A3}"
EndProject
Project("{FAE04EC0-301F-11D3-BF4B-00C04F79EFBC}") = "Application", "src\Application\Application.csproj", "{3729F4C5-FAA2-4509-B547-282E2AB40CB3}"
EndProject
Project("{FAE04EC0-301F-11D3-BF4B-00C04F79EFBC}") = "Domain", "src\Domain\Domain.csproj", "{26897864-6949-46C0-802A-C93335B1F1AB}"
EndProject
Project("{FAE04EC0-301F-11D3-BF4B-00C04F79EFBC}") = "Test", "test\Test.csproj", "{900C1E67-5DCC-4885-BBD0-D46BEA70FD0C}"
EndProject
Global
	GlobalSection(SolutionConfigurationPlatforms) = preSolution
		Debug|Any CPU = Debug|Any CPU
		Release|Any CPU = Release|Any CPU
	EndGlobalSection
	GlobalSection(SolutionProperties) = preSolution
		HideSolutionNode = FALSE
	EndGlobalSection
	GlobalSection(ProjectConfigurationPlatforms) = postSolution
		{56A9481C-57E8-4B6F-AE84-FAF68A5E4EC7}.Debug|Any CPU.ActiveCfg = Debug|Any CPU
		{56A9481C-57E8-4B6F-AE84-FAF68A5E4EC7}.Debug|Any CPU.Build.0 = Debug|Any CPU
		{56A9481C-57E8-4B6F-AE84-FAF68A5E4EC7}.Release|Any CPU.ActiveCfg = Release|Any CPU
		{56A9481C-57E8-4B6F-AE84-FAF68A5E4EC7}.Release|Any CPU.Build.0 = Release|Any CPU
		{52E209E9-FAC0-43B6-AE14-EE0B703DF07F}.Debug|Any CPU.ActiveCfg = Debug|Any CPU
		{52E209E9-FAC0-43B6-AE14-EE0B703DF07F}.Debug|Any CPU.Build.0 = Debug|Any CPU
		{52E209E9-FAC0-43B6-AE14-EE0B703DF07F}.Release|Any CPU.ActiveCfg = Release|Any CPU
		{52E209E9-FAC0-43B6-AE14-EE0B703DF07F}.Release|Any CPU.Build.0 = Release|Any CPU
		{7EF25131-78E9-4422-A822-FA558FFBE93F}.Debug|Any CPU.ActiveCfg = Debug|Any CPU
		{7EF25131-78E9-4422-A822-FA558FFBE93F}.Debug|Any CPU.Build.0 = Debug|Any CPU
		{7EF25131-78E9-4422-A822-FA558FFBE93F}.Release|Any CPU.ActiveCfg = Release|Any CPU
		{7EF25131-78E9-4422-A822-FA558FFBE93F}.Release|Any CPU.Build.0 = Release|Any CPU
		{F58D57D1-6C22-42C7-ABFF-2A7B426974B7}.Debug|Any CPU.ActiveCfg = Debug|Any CPU
		{F58D57D1-6C22-42C7-ABFF-2A7B426974B7}.Debug|Any CPU.Build.0 = Debug|Any CPU
		{F58D57D1-6C22-42C7-ABFF-2A7B426974B7}.Release|Any CPU.ActiveCfg = Release|Any CPU
		{F58D57D1-6C22-42C7-ABFF-2A7B426974B7}.Release|Any CPU.Build.0 = Release|Any CPU
		{57CFF1FF-73D8-4EE1-AC10-6010C07CE7A3}.Debug|Any CPU.ActiveCfg = Debug|Any CPU
		{57CFF1FF-73D8-4EE1-AC10-6010C07CE7A3}.Debug|Any CPU.Build.0 = Debug|Any CPU
		{57CFF1FF-73D8-4EE1-AC10-6010C07CE7A3}.Release|Any CPU.ActiveCfg = Release|Any CPU
		{57CFF1FF-73D8-4EE1-AC10-6010C07CE7A3}.Release|Any CPU.Build.0 = Release|Any CPU
		{3729F4C5-FAA2-4509-B547-282E2AB40CB3}.Debug|Any CPU.ActiveCfg = Debug|Any CPU
		{3729F4C5-FAA2-4509-B547-282E2AB40CB3}.Debug|Any CPU.Build.0 = Debug|Any CPU
		{3729F4C5-FAA2-4509-B547-282E2AB40CB3}.Release|Any CPU.ActiveCfg = Release|Any CPU
		{3729F4C5-FAA2-4509-B547-282E2AB40CB3}.Release|Any CPU.Build.0 = Release|Any CPU
		{26897864-6949-46C0-802A-C93335B1F1AB}.Debug|Any CPU.ActiveCfg = Debug|Any CPU
		{26897864-6949-46C0-802A-C93335B1F1AB}.Debug|Any CPU.Build.0 = Debug|Any CPU
		{26897864-6949-46C0-802A-C93335B1F1AB}.Release|Any CPU.ActiveCfg = Release|Any CPU
		{26897864-6949-46C0-802A-C93335B1F1AB}.Release|Any CPU.Build.0 = Release|Any CPU
		{900C1E67-5DCC-4885-BBD0-D46BEA70FD0C}.Debug|Any CPU.ActiveCfg = Debug|Any CPU
		{900C1E67-5DCC-4885-BBD0-D46BEA70FD0C}.Debug|Any CPU.Build.0 = Debug|Any CPU
		{900C1E67-5DCC-4885-BBD0-D46BEA70FD0C}.Release|Any CPU.ActiveCfg = Release|Any CPU
		{900C1E67-5DCC-4885-BBD0-D46BEA70FD0C}.Release|Any CPU.Build.0 = Release|Any CPU
	EndGlobalSection
	GlobalSection(NestedProjects) = preSolution
		{57CFF1FF-73D8-4EE1-AC10-6010C07CE7A3} = {EDDACC06-EB6D-4E37-8A62-10FD9CC3567E}
		{3729F4C5-FAA2-4509-B547-282E2AB40CB3} = {EDDACC06-EB6D-4E37-8A62-10FD9CC3567E}
		{26897864-6949-46C0-802A-C93335B1F1AB} = {EDDACC06-EB6D-4E37-8A62-10FD9CC3567E}
	EndGlobalSection
EndGlobal
